
Microsoft Visual Studio Solution File, Format Version 12.00
# Visual Studio Version 16
VisualStudioVersion = 16.0.30907.101
MinimumVisualStudioVersion = 10.0.40219.1
Project("{9A19103F-16F7-4668-BE54-9A1E7A4F7556}") = "DataAccess", "DataAccess\DataAccess.csproj", "{358623EE-5A5D-400A-83F1-00446C9007D1}"
EndProject
Project("{9A19103F-16F7-4668-BE54-9A1E7A4F7556}") = "Business", "Business\Business.csproj", "{0BBC2ACF-1B12-4224-B458-BCA6FB193B5D}"
EndProject
Project("{9A19103F-16F7-4668-BE54-9A1E7A4F7556}") = "Entities", "Entities\Entities.csproj", "{7F779B80-53ED-4D42-B695-6B3EDFCBF57A}"
EndProject
Project("{9A19103F-16F7-4668-BE54-9A1E7A4F7556}") = "ConsoleUI", "ConsoleUI\ConsoleUI.csproj", "{FF524F7E-3FFA-4626-8A79-D1C5FE3A126B}"
EndProject
Project("{9A19103F-16F7-4668-BE54-9A1E7A4F7556}") = "Core", "Core\Core.csproj", "{3497D9FA-D795-4FC6-94EB-EC54306343A1}"
EndProject
Project("{FAE04EC0-301F-11D3-BF4B-00C04F79EFBC}") = "WebAPI", "WebAPI\WebAPI.csproj", "{AF85BD31-54FA-4C27-9469-49771DF799C0}"
EndProject
Global
	GlobalSection(SolutionConfigurationPlatforms) = preSolution
		Debug|Any CPU = Debug|Any CPU
		Release|Any CPU = Release|Any CPU
	EndGlobalSection
	GlobalSection(ProjectConfigurationPlatforms) = postSolution
		{358623EE-5A5D-400A-83F1-00446C9007D1}.Debug|Any CPU.ActiveCfg = Debug|Any CPU
		{358623EE-5A5D-400A-83F1-00446C9007D1}.Debug|Any CPU.Build.0 = Debug|Any CPU
		{358623EE-5A5D-400A-83F1-00446C9007D1}.Release|Any CPU.ActiveCfg = Release|Any CPU
		{358623EE-5A5D-400A-83F1-00446C9007D1}.Release|Any CPU.Build.0 = Release|Any CPU
		{0BBC2ACF-1B12-4224-B458-BCA6FB193B5D}.Debug|Any CPU.ActiveCfg = Debug|Any CPU
		{0BBC2ACF-1B12-4224-B458-BCA6FB193B5D}.Debug|Any CPU.Build.0 = Debug|Any CPU
		{0BBC2ACF-1B12-4224-B458-BCA6FB193B5D}.Release|Any CPU.ActiveCfg = Release|Any CPU
		{0BBC2ACF-1B12-4224-B458-BCA6FB193B5D}.Release|Any CPU.Build.0 = Release|Any CPU
		{7F779B80-53ED-4D42-B695-6B3EDFCBF57A}.Debug|Any CPU.ActiveCfg = Debug|Any CPU
		{7F779B80-53ED-4D42-B695-6B3EDFCBF57A}.Debug|Any CPU.Build.0 = Debug|Any CPU
		{7F779B80-53ED-4D42-B695-6B3EDFCBF57A}.Release|Any CPU.ActiveCfg = Release|Any CPU
		{7F779B80-53ED-4D42-B695-6B3EDFCBF57A}.Release|Any CPU.Build.0 = Release|Any CPU
		{FF524F7E-3FFA-4626-8A79-D1C5FE3A126B}.Debug|Any CPU.ActiveCfg = Debug|Any CPU
		{FF524F7E-3FFA-4626-8A79-D1C5FE3A126B}.Debug|Any CPU.Build.0 = Debug|Any CPU
		{FF524F7E-3FFA-4626-8A79-D1C5FE3A126B}.Release|Any CPU.ActiveCfg = Release|Any CPU
		{FF524F7E-3FFA-4626-8A79-D1C5FE3A126B}.Release|Any CPU.Build.0 = Release|Any CPU
		{3497D9FA-D795-4FC6-94EB-EC54306343A1}.Debug|Any CPU.ActiveCfg = Debug|Any CPU
		{3497D9FA-D795-4FC6-94EB-EC54306343A1}.Debug|Any CPU.Build.0 = Debug|Any CPU
		{3497D9FA-D795-4FC6-94EB-EC54306343A1}.Release|Any CPU.ActiveCfg = Release|Any CPU
		{3497D9FA-D795-4FC6-94EB-EC54306343A1}.Release|Any CPU.Build.0 = Release|Any CPU
		{AF85BD31-54FA-4C27-9469-49771DF799C0}.Debug|Any CPU.ActiveCfg = Debug|Any CPU
		{AF85BD31-54FA-4C27-9469-49771DF799C0}.Debug|Any CPU.Build.0 = Debug|Any CPU
		{AF85BD31-54FA-4C27-9469-49771DF799C0}.Release|Any CPU.ActiveCfg = Release|Any CPU
		{AF85BD31-54FA-4C27-9469-49771DF799C0}.Release|Any CPU.Build.0 = Release|Any CPU
	EndGlobalSection
	GlobalSection(SolutionProperties) = preSolution
		HideSolutionNode = FALSE
	EndGlobalSection
	GlobalSection(ExtensibilityGlobals) = postSolution
		SolutionGuid = {D7AC93F5-A41A-4220-9705-E8FD16BB85E2}
	EndGlobalSection
EndGlobal
